Microsoft Visual Studio Solution File, Format Version 12.00
# Visual Studio Version 17
VisualStudioVersion = 17.5.2.0
MinimumVisualStudioVersion = 10.0.40219.1
Project("{2150E333-8FDC-42A3-9474-1A3956D46DE8}") = "services", "services", "{5854FF58-B8C5-05C6-5BF2-ACE42193F22B}"
EndProject
Project("{FAE04EC0-301F-11D3-BF4B-00C04F79EFBC}") = "leaderboard", "services\leaderboard\leaderboard.csproj", "{8877E6CE-D7CB-86F3-000C-B36D8DF38058}"
EndProject
Global
	GlobalSection(SolutionConfigurationPlatforms) = preSolution
		Debug|Any CPU = Debug|Any CPU
		Release|Any CPU = Release|Any CPU
	EndGlobalSection
	GlobalSection(ProjectConfigurationPlatforms) = postSolution
		{8877E6CE-D7CB-86F3-000C-B36D8DF38058}.Debug|Any CPU.ActiveCfg = Debug|Any CPU
		{8877E6CE-D7CB-86F3-000C-B36D8DF38058}.Debug|Any CPU.Build.0 = Debug|Any CPU
		{8877E6CE-D7CB-86F3-000C-B36D8DF38058}.Release|Any CPU.ActiveCfg = Release|Any CPU
		{8877E6CE-D7CB-86F3-000C-B36D8DF38058}.Release|Any CPU.Build.0 = Release|Any CPU
	EndGlobalSection
	GlobalSection(SolutionProperties) = preSolution
		HideSolutionNode = FALSE
	EndGlobalSection
	GlobalSection(NestedProjects) = preSolution
		{8877E6CE-D7CB-86F3-000C-B36D8DF38058} = {5854FF58-B8C5-05C6-5BF2-ACE42193F22B}
	EndGlobalSection
	GlobalSection(ExtensibilityGlobals) = postSolution
		SolutionGuid = {9DDFD6C3-2054-424B-AD5D-DDB76922C48C}
	EndGlobalSection
EndGlobal
